{
  "name": "rsocket-demo",
  "version": "0.0.1",
  "lockfileVersion": 2,
  "requires": true,
  "packages": {
    "": {
      "name": "rsocket-demo",
      "version": "0.0.1",
      "license": "BSD-3-Clause",
      "dependencies": {
        "rsocket-composite-metadata": "^1.0.0-alpha.1",
        "rsocket-core": "^1.0.0-alpha.1",
        "rsocket-flowable": "^0.0.27",
        "rsocket-types": "^0.0.27",
        "rsocket-websocket-client": "^1.0.0-alpha.1",
        "uglifyify": "^5.0.2",
        "ws": "^5.2.1"
      }
    },
    "node_modules/async-limiter": {
      "version": "1.0.1",
      "resolved": "https://registry.npmjs.org/async-limiter/-/async-limiter-1.0.1.tgz",
      "integrity": "sha512-csOlWGAcRFJaI6m+F2WKdnMKr4HhdhFVBk0H/QbJFMCr+uO2kwohwXQPxw/9OCxp05r5ghVBFSyioixx3gfkNQ=="
    },
    "node_modules/balanced-match": {
      "version": "1.0.2",
      "resolved": "https://registry.npmjs.org/balanced-match/-/balanced-match-1.0.2.tgz",
      "integrity": "sha512-3oSeUO0TMV67hN1AmbXsK4yaqU7tjiHlbxRDZOpH0KW9+CeX4bRAaX0Anxt0tx2MrpRpWwQaPwIlISEJhYU5Pw=="
    },
    "node_modules/brace-expansion": {
      "version": "1.1.11",
      "resolved": "https://registry.npmjs.org/brace-expansion/-/brace-expansion-1.1.11.tgz",
      "integrity": "sha512-iCuPHDFgrHX7H2vEI/5xpz07zSHB00TpugqhmYtVmMO6518mCuRMoOYFldEBl0g187ufozdaHgWKcYFb61qGiA==",
      "dependencies": {
        "balanced-match": "^1.0.0",
        "concat-map": "0.0.1"
      }
    },
    "node_modules/buffer-from": {
      "version": "1.1.2",
      "resolved": "https://registry.npmjs.org/buffer-from/-/buffer-from-1.1.2.tgz",
      "integrity": "sha512-E+XQCRwSbaaiChtv6k6Dwgc+bx+Bs6vuKJHHl5kox/BaKbhiXzqQOwK4cO22yElGp2OCmjwVhT3HmxgyPGnJfQ=="
    },
    "node_modules/commander": {
      "version": "2.20.3",
      "resolved": "https://registry.npmjs.org/commander/-/commander-2.20.3.tgz",
      "integrity": "sha512-GpVkmM8vF2vQUkj2LvZmD35JxeJOLCwJ9cUkugyk2nuhbv3+mJvpLYYt+0+USMxE+oj+ey/lJEnhZw75x/OMcQ=="
    },
    "node_modules/concat-map": {
      "version": "0.0.1",
      "resolved": "https://registry.npmjs.org/concat-map/-/concat-map-0.0.1.tgz",
      "integrity": "sha512-/Srv4dswyQNBfohGpz9o6Yb3Gz3SrUDqBH5rTuhGR7ahtlbYKnVxw2bCFMRljaA7EXHaXZ8wsHdodFvbkhKmqg=="
    },
    "node_modules/convert-source-map": {
      "version": "1.1.3",
      "resolved": "https://registry.npmjs.org/convert-source-map/-/convert-source-map-1.1.3.tgz",
      "integrity": "sha512-Y8L5rp6jo+g9VEPgvqNfEopjTR4OTYct8lXlS8iVQdmnjDvbdbzYe9rjtFCB9egC86JoNCU61WRY+ScjkZpnIg=="
    },
    "node_modules/minimatch": {
      "version": "3.1.2",
      "resolved": "https://registry.npmjs.org/minimatch/-/minimatch-3.1.2.tgz",
      "integrity": "sha512-J7p63hRiAjw1NDEww1W7i37+ByIrOWO5XQQAzZ3VOcL0PNybwpfmV/N05zFAzwQ9USyEcX6t3UO+K5aqBQOIHw==",
      "dependencies": {
        "brace-expansion": "^1.1.7"
      },
      "engines": {
        "node": "*"
      }
    },
    "node_modules/rsocket-composite-metadata": {
      "version": "1.0.0-alpha.1",
      "resolved": "https://registry.npmjs.org/rsocket-composite-metadata/-/rsocket-composite-metadata-1.0.0-alpha.1.tgz",
      "integrity": "sha512-oA3X91Jk0frUVdlpXDTtbaRKyLEKW+Xs2JELKWHSmuo/ZglCGb1li0syTyl5RjJU+FYx0G+kVWNtFmiZbGT/Ow==",
      "dependencies": {
        "rsocket-core": "^1.0.0-alpha.1"
      }
    },
    "node_modules/rsocket-core": {
      "version": "1.0.0-alpha.1",
      "resolved": "https://registry.npmjs.org/rsocket-core/-/rsocket-core-1.0.0-alpha.1.tgz",
      "integrity": "sha512-xStK9VyEScp1abXRKlUhdswebPA8FSmhDpKhc2oExazLoIxLu8mJa89iMcs3+0DCC6ENOVXLJKhY5zXMNI/JQA=="
    },
    "node_modules/rsocket-flowable": {
      "version": "0.0.27",
      "resolved": "https://registry.npmjs.org/rsocket-flowable/-/rsocket-flowable-0.0.27.tgz",
      "integrity": "sha512-I/1vETXP+qCfGFeMY8i+QLhyBpcEj0nDmWnP2vh7lDyOBNT9LjAiY6kigUzEHbfhoNe3vnJWYK6uCzxIsi622Q=="
    },
    "node_modules/rsocket-types": {
      "version": "0.0.27",
      "resolved": "https://registry.npmjs.org/rsocket-types/-/rsocket-types-0.0.27.tgz",
      "integrity": "sha512-88vgA+d31a6wW5YP63jQZ0CqZ3DALtH4oCbuMtIcNy28m1kDYGPZunhsnw+YC/XtjOqb5hKhn10ZQm7OK2xc1g==",
      "dependencies": {
        "rsocket-flowable": "^0.0.27"
      }
    },
    "node_modules/rsocket-websocket-client": {
      "version": "1.0.0-alpha.1",
      "resolved": "https://registry.npmjs.org/rsocket-websocket-client/-/rsocket-websocket-client-1.0.0-alpha.1.tgz",
      "integrity": "sha512-DMnRWUEhj2zc8Yu/FYD3HeqaLsW4QbSr0VN9X5f4SSFQ1elb2LRNdeXRmS157VBeuBcHwAuj0ZJnrDl1yOK43Q==",
      "dependencies": {
        "rsocket-core": "^1.0.0-alpha.1"
      }
    },
    "node_modules/source-map": {
      "version": "0.6.1",
      "resolved": "https://registry.npmjs.org/source-map/-/source-map-0.6.1.tgz",
      "integrity": "sha512-UjgapumWlbMhkBgzT7Ykc5YXUT46F0iKu8SGXq0bcwP5dz/h0Plj6enJqjz1Zbq2l5WaqYnrVbwWOWMyF3F47g==",
      "engines": {
        "node": ">=0.10.0"
      }
    },
    "node_modules/source-map-support": {
      "version": "0.5.21",
      "resolved": "https://registry.npmjs.org/source-map-support/-/source-map-support-0.5.21.tgz",
      "integrity": "sha512-uBHU3L3czsIyYXKX88fdrGovxdSCoTGDRZ6SYXtSRxLZUzHg5P/66Ht6uoUlHu9EZod+inXhKo3qQgwXUT/y1w==",
      "dependencies": {
        "buffer-from": "^1.0.0",
        "source-map": "^0.6.0"
      }
    },
    "node_modules/terser": {
      "version": "3.17.0",
      "resolved": "https://registry.npmjs.org/terser/-/terser-3.17.0.tgz",
      "integrity": "sha512-/FQzzPJmCpjAH9Xvk2paiWrFq+5M6aVOf+2KRbwhByISDX/EujxsK+BAvrhb6H+2rtrLCHK9N01wO014vrIwVQ==",
      "dependencies": {
        "commander": "^2.19.0",
        "source-map": "~0.6.1",
        "source-map-support": "~0.5.10"
      },
      "bin": {
        "terser": "bin/uglifyjs"
      },
      "engines": {
        "node": ">=6.0.0"
      }
    },
    "node_modules/through": {
      "version": "2.3.8",
      "resolved": "https://registry.npmjs.org/through/-/through-2.3.8.tgz",
      "integrity": "sha1-DdTJ/6q8NXlgsbckEV1+Doai4fU="
    },
    "node_modules/uglifyify": {
      "version": "5.0.2",
      "resolved": "https://registry.npmjs.org/uglifyify/-/uglifyify-5.0.2.tgz",
      "integrity": "sha512-NcSk6pgoC+IgwZZ2tVLVHq+VNKSvLPlLkF5oUiHPVOJI0s/OlSVYEGXG9PCAH0hcyFZLyvt4KBdPAQBRlVDn1Q==",
      "dependencies": {
        "convert-source-map": "~1.1.0",
        "minimatch": "^3.0.2",
        "terser": "^3.7.5",
        "through": "~2.3.4",
        "xtend": "^4.0.1"
      }
    },
    "node_modules/ws": {
      "version": "5.2.3",
      "resolved": "https://registry.npmjs.org/ws/-/ws-5.2.3.tgz",
      "integrity": "sha512-jZArVERrMsKUatIdnLzqvcfydI85dvd/Fp1u/VOpfdDWQ4c9qWXe+VIeAbQ5FrDwciAkr+lzofXLz3Kuf26AOA==",
      "dependencies": {
        "async-limiter": "~1.0.0"
      }
    },
    "node_modules/xtend": {
      "version": "4.0.2",
      "resolved": "https://registry.npmjs.org/xtend/-/xtend-4.0.2.tgz",
      "integrity": "sha512-LKYU1iAXJXUgAXn9URjiu+MWhyUXHsvfp7mcuYm9dSUKK0/CjtrUwFAxD82/mCWbtLsGjFIad0wIsod4zrTAEQ==",
      "engines": {
        "node": ">=0.4"
      }
    }
  },
  "dependencies": {
    "async-limiter": {
      "version": "1.0.1",
      "resolved": "https://registry.npmjs.org/async-limiter/-/async-limiter-1.0.1.tgz",
      "integrity": "sha512-csOlWGAcRFJaI6m+F2WKdnMKr4HhdhFVBk0H/QbJFMCr+uO2kwohwXQPxw/9OCxp05r5ghVBFSyioixx3gfkNQ=="
    },
    "balanced-match": {
      "version": "1.0.2",
      "resolved": "https://registry.npmjs.org/balanced-match/-/balanced-match-1.0.2.tgz",
      "integrity": "sha512-3oSeUO0TMV67hN1AmbXsK4yaqU7tjiHlbxRDZOpH0KW9+CeX4bRAaX0Anxt0tx2MrpRpWwQaPwIlISEJhYU5Pw=="
    },
    "brace-expansion": {
      "version": "1.1.11",
      "resolved": "https://registry.npmjs.org/brace-expansion/-/brace-expansion-1.1.11.tgz",
      "integrity": "sha512-iCuPHDFgrHX7H2vEI/5xpz07zSHB00TpugqhmYtVmMO6518mCuRMoOYFldEBl0g187ufozdaHgWKcYFb61qGiA==",
      "requires": {
        "balanced-match": "^1.0.0",
        "concat-map": "0.0.1"
      }
    },
    "buffer-from": {
      "version": "1.1.2",
      "resolved": "https://registry.npmjs.org/buffer-from/-/buffer-from-1.1.2.tgz",
      "integrity": "sha512-E+XQCRwSbaaiChtv6k6Dwgc+bx+Bs6vuKJHHl5kox/BaKbhiXzqQOwK4cO22yElGp2OCmjwVhT3HmxgyPGnJfQ=="
    },
    "commander": {
      "version": "2.20.3",
      "resolved": "https://registry.npmjs.org/commander/-/commander-2.20.3.tgz",
      "integrity": "sha512-GpVkmM8vF2vQUkj2LvZmD35JxeJOLCwJ9cUkugyk2nuhbv3+mJvpLYYt+0+USMxE+oj+ey/lJEnhZw75x/OMcQ=="
    },
    "concat-map": {
      "version": "0.0.1",
      "resolved": "https://registry.npmjs.org/concat-map/-/concat-map-0.0.1.tgz",
      "integrity": "sha512-/Srv4dswyQNBfohGpz9o6Yb3Gz3SrUDqBH5rTuhGR7ahtlbYKnVxw2bCFMRljaA7EXHaXZ8wsHdodFvbkhKmqg=="
    },
    "convert-source-map": {
      "version": "1.1.3",
      "resolved": "https://registry.npmjs.org/convert-source-map/-/convert-source-map-1.1.3.tgz",
      "integrity": "sha512-Y8L5rp6jo+g9VEPgvqNfEopjTR4OTYct8lXlS8iVQdmnjDvbdbzYe9rjtFCB9egC86JoNCU61WRY+ScjkZpnIg=="
    },
    "minimatch": {
      "version": "3.1.2",
      "resolved": "https://registry.npmjs.org/minimatch/-/minimatch-3.1.2.tgz",
      "integrity": "sha512-J7p63hRiAjw1NDEww1W7i37+ByIrOWO5XQQAzZ3VOcL0PNybwpfmV/N05zFAzwQ9USyEcX6t3UO+K5aqBQOIHw==",
      "requires": {
        "brace-expansion": "^1.1.7"
      }
    },
    "rsocket-composite-metadata": {
      "version": "1.0.0-alpha.1",
      "resolved": "https://registry.npmjs.org/rsocket-composite-metadata/-/rsocket-composite-metadata-1.0.0-alpha.1.tgz",
      "integrity": "sha512-oA3X91Jk0frUVdlpXDTtbaRKyLEKW+Xs2JELKWHSmuo/ZglCGb1li0syTyl5RjJU+FYx0G+kVWNtFmiZbGT/Ow==",
      "requires": {
        "rsocket-core": "^1.0.0-alpha.1"
      }
    },
    "rsocket-core": {
      "version": "1.0.0-alpha.1",
      "resolved": "https://registry.npmjs.org/rsocket-core/-/rsocket-core-1.0.0-alpha.1.tgz",
      "integrity": "sha512-xStK9VyEScp1abXRKlUhdswebPA8FSmhDpKhc2oExazLoIxLu8mJa89iMcs3+0DCC6ENOVXLJKhY5zXMNI/JQA=="
    },
    "rsocket-flowable": {
      "version": "0.0.27",
      "resolved": "https://registry.npmjs.org/rsocket-flowable/-/rsocket-flowable-0.0.27.tgz",
      "integrity": "sha512-I/1vETXP+qCfGFeMY8i+QLhyBpcEj0nDmWnP2vh7lDyOBNT9LjAiY6kigUzEHbfhoNe3vnJWYK6uCzxIsi622Q=="
    },
    "rsocket-types": {
      "version": "0.0.27",
      "resolved": "https://registry.npmjs.org/rsocket-types/-/rsocket-types-0.0.27.tgz",
      "integrity": "sha512-88vgA+d31a6wW5YP63jQZ0CqZ3DALtH4oCbuMtIcNy28m1kDYGPZunhsnw+YC/XtjOqb5hKhn10ZQm7OK2xc1g==",
      "requires": {
        "rsocket-flowable": "^0.0.27"
      }
    },
    "rsocket-websocket-client": {
      "version": "1.0.0-alpha.1",
      "resolved": "https://registry.npmjs.org/rsocket-websocket-client/-/rsocket-websocket-client-1.0.0-alpha.1.tgz",
      "integrity": "sha512-DMnRWUEhj2zc8Yu/FYD3HeqaLsW4QbSr0VN9X5f4SSFQ1elb2LRNdeXRmS157VBeuBcHwAuj0ZJnrDl1yOK43Q==",
      "requires": {
        "rsocket-core": "^1.0.0-alpha.1"
      }
    },
    "source-map": {
      "version": "0.6.1",
      "resolved": "https://registry.npmjs.org/source-map/-/source-map-0.6.1.tgz",
      "integrity": "sha512-UjgapumWlbMhkBgzT7Ykc5YXUT46F0iKu8SGXq0bcwP5dz/h0Plj6enJqjz1Zbq2l5WaqYnrVbwWOWMyF3F47g=="
    },
    "source-map-support": {
      "version": "0.5.21",
      "resolved": "https://registry.npmjs.org/source-map-support/-/source-map-support-0.5.21.tgz",
      "integrity": "sha512-uBHU3L3czsIyYXKX88fdrGovxdSCoTGDRZ6SYXtSRxLZUzHg5P/66Ht6uoUlHu9EZod+inXhKo3qQgwXUT/y1w==",
      "requires": {
        "buffer-from": "^1.0.0",
        "source-map": "^0.6.0"
      }
    },
    "terser": {
      "version": "3.17.0",
      "resolved": "https://registry.npmjs.org/terser/-/terser-3.17.0.tgz",
      "integrity": "sha512-/FQzzPJmCpjAH9Xvk2paiWrFq+5M6aVOf+2KRbwhByISDX/EujxsK+BAvrhb6H+2rtrLCHK9N01wO014vrIwVQ==",
      "requires": {
        "commander": "^2.19.0",
        "source-map": "~0.6.1",
        "source-map-support": "~0.5.10"
      }
    },
    "through": {
      "version": "2.3.8",
      "resolved": "https://registry.npmjs.org/through/-/through-2.3.8.tgz",
      "integrity": "sha1-DdTJ/6q8NXlgsbckEV1+Doai4fU="
    },
    "uglifyify": {
      "version": "5.0.2",
      "resolved": "https://registry.npmjs.org/uglifyify/-/uglifyify-5.0.2.tgz",
      "integrity": "sha512-NcSk6pgoC+IgwZZ2tVLVHq+VNKSvLPlLkF5oUiHPVOJI0s/OlSVYEGXG9PCAH0hcyFZLyvt4KBdPAQBRlVDn1Q==",
      "requires": {
        "convert-source-map": "~1.1.0",
        "minimatch": "^3.0.2",
        "terser": "^3.7.5",
        "through": "~2.3.4",
        "xtend": "^4.0.1"
      }
    },
    "ws": {
      "version": "5.2.3",
      "resolved": "https://registry.npmjs.org/ws/-/ws-5.2.3.tgz",
      "integrity": "sha512-jZArVERrMsKUatIdnLzqvcfydI85dvd/Fp1u/VOpfdDWQ4c9qWXe+VIeAbQ5FrDwciAkr+lzofXLz3Kuf26AOA==",
      "requires": {
        "async-limiter": "~1.0.0"
      }
    },
    "xtend": {
      "version": "4.0.2",
      "resolved": "https://registry.npmjs.org/xtend/-/xtend-4.0.2.tgz",
      "integrity": "sha512-LKYU1iAXJXUgAXn9URjiu+MWhyUXHsvfp7mcuYm9dSUKK0/CjtrUwFAxD82/mCWbtLsGjFIad0wIsod4zrTAEQ=="
    }
  }
}
