{
  "name": "medusa-ui",
  "version": "0.9.1",
  "lockfileVersion": 2,
  "requires": true,
  "packages": {
    "": {
      "name": "medusa-ui",
      "version": "0.9.1",
      "license": "MIT",
      "dependencies": {
        "@braintree/sanitize-url": "^7.0.2",
        "rsocket-composite-metadata": "^1.0.0-alpha.3",
        "rsocket-core": "^1.0.0-alpha.3",
        "rsocket-flowable": "^0.0.28",
        "rsocket-types": "^0.0.28",
        "rsocket-websocket-client": "^1.0.0-alpha.3",
        "uglifyify": "^5.0.2",
        "ws": "^8.17.0",
        "xregexp": "^5.1.1"
      }
    },
    "node_modules/@babel/runtime-corejs3": {
      "version": "7.21.5",
      "resolved": "https://registry.npmjs.org/@babel/runtime-corejs3/-/runtime-corejs3-7.21.5.tgz",
      "integrity": "sha512-FRqFlFKNazWYykft5zvzuEl1YyTDGsIRrjV9rvxvYkUC7W/ueBng1X68Xd6uRMzAaJ0xMKn08/wem5YS1lpX8w==",
      "dependencies": {
        "core-js-pure": "^3.25.1",
        "regenerator-runtime": "^0.13.11"
      },
      "engines": {
        "node": ">=6.9.0"
      }
    },
    "node_modules/@braintree/sanitize-url": {
      "version": "7.0.2",
      "resolved": "https://registry.npmjs.org/@braintree/sanitize-url/-/sanitize-url-7.0.2.tgz",
      "integrity": "sha512-NVf/1YycDMs6+FxS0Tb/W8MjJRDQdXF+tBfDtZ5UZeiRUkTmwKc4vmYCKZTyymfJk1gnMsauvZSX/HiV9jOABw=="
    },
    "node_modules/balanced-match": {
      "version": "1.0.2",
      "resolved": "https://registry.npmjs.org/balanced-match/-/balanced-match-1.0.2.tgz",
      "integrity": "sha512-3oSeUO0TMV67hN1AmbXsK4yaqU7tjiHlbxRDZOpH0KW9+CeX4bRAaX0Anxt0tx2MrpRpWwQaPwIlISEJhYU5Pw=="
    },
    "node_modules/brace-expansion": {
      "version": "1.1.11",
      "resolved": "https://registry.npmjs.org/brace-expansion/-/brace-expansion-1.1.11.tgz",
      "integrity": "sha512-iCuPHDFgrHX7H2vEI/5xpz07zSHB00TpugqhmYtVmMO6518mCuRMoOYFldEBl0g187ufozdaHgWKcYFb61qGiA==",
      "dependencies": {
        "balanced-match": "^1.0.0",
        "concat-map": "0.0.1"
      }
    },
    "node_modules/buffer-from": {
      "version": "1.1.2",
      "resolved": "https://registry.npmjs.org/buffer-from/-/buffer-from-1.1.2.tgz",
      "integrity": "sha512-E+XQCRwSbaaiChtv6k6Dwgc+bx+Bs6vuKJHHl5kox/BaKbhiXzqQOwK4cO22yElGp2OCmjwVhT3HmxgyPGnJfQ=="
    },
    "node_modules/commander": {
      "version": "2.20.3",
      "resolved": "https://registry.npmjs.org/commander/-/commander-2.20.3.tgz",
      "integrity": "sha512-GpVkmM8vF2vQUkj2LvZmD35JxeJOLCwJ9cUkugyk2nuhbv3+mJvpLYYt+0+USMxE+oj+ey/lJEnhZw75x/OMcQ=="
    },
    "node_modules/concat-map": {
      "version": "0.0.1",
      "resolved": "https://registry.npmjs.org/concat-map/-/concat-map-0.0.1.tgz",
      "integrity": "sha512-/Srv4dswyQNBfohGpz9o6Yb3Gz3SrUDqBH5rTuhGR7ahtlbYKnVxw2bCFMRljaA7EXHaXZ8wsHdodFvbkhKmqg=="
    },
    "node_modules/convert-source-map": {
      "version": "1.1.3",
      "resolved": "https://registry.npmjs.org/convert-source-map/-/convert-source-map-1.1.3.tgz",
      "integrity": "sha512-Y8L5rp6jo+g9VEPgvqNfEopjTR4OTYct8lXlS8iVQdmnjDvbdbzYe9rjtFCB9egC86JoNCU61WRY+ScjkZpnIg=="
    },
    "node_modules/core-js-pure": {
      "version": "3.30.2",
      "resolved": "https://registry.npmjs.org/core-js-pure/-/core-js-pure-3.30.2.tgz",
      "integrity": "sha512-p/npFUJXXBkCCTIlEGBdghofn00jWG6ZOtdoIXSJmAu2QBvN0IqpZXWweOytcwE6cfx8ZvVUy1vw8zxhe4Y2vg==",
      "hasInstallScript": true,
      "funding": {
        "type": "opencollective",
        "url": "https://opencollective.com/core-js"
      }
    },
    "node_modules/minimatch": {
      "version": "3.1.2",
      "resolved": "https://registry.npmjs.org/minimatch/-/minimatch-3.1.2.tgz",
      "integrity": "sha512-J7p63hRiAjw1NDEww1W7i37+ByIrOWO5XQQAzZ3VOcL0PNybwpfmV/N05zFAzwQ9USyEcX6t3UO+K5aqBQOIHw==",
      "dependencies": {
        "brace-expansion": "^1.1.7"
      },
      "engines": {
        "node": "*"
      }
    },
    "node_modules/regenerator-runtime": {
      "version": "0.13.11",
      "resolved": "https://registry.npmjs.org/regenerator-runtime/-/regenerator-runtime-0.13.11.tgz",
      "integrity": "sha512-kY1AZVr2Ra+t+piVaJ4gxaFaReZVH40AKNo7UCX6W+dEwBo/2oZJzqfuN1qLq1oL45o56cPaTXELwrTh8Fpggg=="
    },
    "node_modules/rsocket-composite-metadata": {
      "version": "1.0.0-alpha.3",
      "resolved": "https://registry.npmjs.org/rsocket-composite-metadata/-/rsocket-composite-metadata-1.0.0-alpha.3.tgz",
      "integrity": "sha512-o+msmc1pXnejLw4TDgMllynS9/L3TGJM25kqedTxqU6wVF9jnTA95w7T4scGwwX6qiAryT90HQGUaT+An44X3w==",
      "dependencies": {
        "rsocket-core": "^1.0.0-alpha.3"
      }
    },
    "node_modules/rsocket-core": {
      "version": "1.0.0-alpha.3",
      "resolved": "https://registry.npmjs.org/rsocket-core/-/rsocket-core-1.0.0-alpha.3.tgz",
      "integrity": "sha512-BzIe2w8dFJlUS5N9fGUNRkxL19kd64bxbXsT11wj7isLfKkPZeNXisB2p/LWvSjFzWStnpOiScZ0g3/8ROE0pw=="
    },
    "node_modules/rsocket-flowable": {
      "version": "0.0.28",
      "resolved": "https://registry.npmjs.org/rsocket-flowable/-/rsocket-flowable-0.0.28.tgz",
      "integrity": "sha512-igp8dZ3NZHnOcVDMRjcP9HTiPbxSz5AGVNuAXbn4od7xM3IFXaDWSWb2zq8v+tJwM+DiTScRihHkrPcnxY39qw==",
      "deprecated": "0.0.28 is broken. please pin to 0.0.27."
    },
    "node_modules/rsocket-types": {
      "version": "0.0.28",
      "resolved": "https://registry.npmjs.org/rsocket-types/-/rsocket-types-0.0.28.tgz",
      "integrity": "sha512-zl2hYUG4/gD18Uy+JRPZd06F6wF2kCgvRkNKlDySFWWDH451CCgxh2LveMeTfkvsbUKv4Rv8KJHbiQGFMIa7QA==",
      "deprecated": "0.0.28 is broken. please pin to 0.0.27.",
      "dependencies": {
        "rsocket-flowable": "^0.0.28"
      }
    },
    "node_modules/rsocket-websocket-client": {
      "version": "1.0.0-alpha.3",
      "resolved": "https://registry.npmjs.org/rsocket-websocket-client/-/rsocket-websocket-client-1.0.0-alpha.3.tgz",
      "integrity": "sha512-CwTwTNMGa8BKvrWde/kM3q8IHuzO8RCIfzuj25BsVe9y8eehDQHt4fXk0g1i/wpsxTm+RY6DxE6Vr5snozKVOg==",
      "dependencies": {
        "rsocket-core": "^1.0.0-alpha.3"
      }
    },
    "node_modules/source-map": {
      "version": "0.6.1",
      "resolved": "https://registry.npmjs.org/source-map/-/source-map-0.6.1.tgz",
      "integrity": "sha512-UjgapumWlbMhkBgzT7Ykc5YXUT46F0iKu8SGXq0bcwP5dz/h0Plj6enJqjz1Zbq2l5WaqYnrVbwWOWMyF3F47g==",
      "engines": {
        "node": ">=0.10.0"
      }
    },
    "node_modules/source-map-support": {
      "version": "0.5.21",
      "resolved": "https://registry.npmjs.org/source-map-support/-/source-map-support-0.5.21.tgz",
      "integrity": "sha512-uBHU3L3czsIyYXKX88fdrGovxdSCoTGDRZ6SYXtSRxLZUzHg5P/66Ht6uoUlHu9EZod+inXhKo3qQgwXUT/y1w==",
      "dependencies": {
        "buffer-from": "^1.0.0",
        "source-map": "^0.6.0"
      }
    },
    "node_modules/terser": {
      "version": "3.17.0",
      "resolved": "https://registry.npmjs.org/terser/-/terser-3.17.0.tgz",
      "integrity": "sha512-/FQzzPJmCpjAH9Xvk2paiWrFq+5M6aVOf+2KRbwhByISDX/EujxsK+BAvrhb6H+2rtrLCHK9N01wO014vrIwVQ==",
      "dependencies": {
        "commander": "^2.19.0",
        "source-map": "~0.6.1",
        "source-map-support": "~0.5.10"
      },
      "bin": {
        "terser": "bin/uglifyjs"
      },
      "engines": {
        "node": ">=6.0.0"
      }
    },
    "node_modules/through": {
      "version": "2.3.8",
      "resolved": "https://registry.npmjs.org/through/-/through-2.3.8.tgz",
      "integrity": "sha512-w89qg7PI8wAdvX60bMDP+bFoD5Dvhm9oLheFp5O4a2QF0cSBGsBX4qZmadPMvVqlLJBBci+WqGGOAPvcDeNSVg=="
    },
    "node_modules/uglifyify": {
      "version": "5.0.2",
      "resolved": "https://registry.npmjs.org/uglifyify/-/uglifyify-5.0.2.tgz",
      "integrity": "sha512-NcSk6pgoC+IgwZZ2tVLVHq+VNKSvLPlLkF5oUiHPVOJI0s/OlSVYEGXG9PCAH0hcyFZLyvt4KBdPAQBRlVDn1Q==",
      "dependencies": {
        "convert-source-map": "~1.1.0",
        "minimatch": "^3.0.2",
        "terser": "^3.7.5",
        "through": "~2.3.4",
        "xtend": "^4.0.1"
      }
    },
    "node_modules/ws": {
      "version": "8.17.0",
      "resolved": "https://registry.npmjs.org/ws/-/ws-8.17.0.tgz",
      "integrity": "sha512-uJq6108EgZMAl20KagGkzCKfMEjxmKvZHG7Tlq0Z6nOky7YF7aq4mOx6xK8TJ/i1LeK4Qus7INktacctDgY8Ow==",
      "engines": {
        "node": ">=10.0.0"
      },
      "peerDependencies": {
        "bufferutil": "^4.0.1",
        "utf-8-validate": ">=5.0.2"
      },
      "peerDependenciesMeta": {
        "bufferutil": {
          "optional": true
        },
        "utf-8-validate": {
          "optional": true
        }
      }
    },
    "node_modules/xregexp": {
      "version": "5.1.1",
      "resolved": "https://registry.npmjs.org/xregexp/-/xregexp-5.1.1.tgz",
      "integrity": "sha512-fKXeVorD+CzWvFs7VBuKTYIW63YD1e1osxwQ8caZ6o1jg6pDAbABDG54LCIq0j5cy7PjRvGIq6sef9DYPXpncg==",
      "dependencies": {
        "@babel/runtime-corejs3": "^7.16.5"
      }
    },
    "node_modules/xtend": {
      "version": "4.0.2",
      "resolved": "https://registry.npmjs.org/xtend/-/xtend-4.0.2.tgz",
      "integrity": "sha512-LKYU1iAXJXUgAXn9URjiu+MWhyUXHsvfp7mcuYm9dSUKK0/CjtrUwFAxD82/mCWbtLsGjFIad0wIsod4zrTAEQ==",
      "engines": {
        "node": ">=0.4"
      }
    }
  },
  "dependencies": {
    "@babel/runtime-corejs3": {
      "version": "7.21.5",
      "resolved": "https://registry.npmjs.org/@babel/runtime-corejs3/-/runtime-corejs3-7.21.5.tgz",
      "integrity": "sha512-FRqFlFKNazWYykft5zvzuEl1YyTDGsIRrjV9rvxvYkUC7W/ueBng1X68Xd6uRMzAaJ0xMKn08/wem5YS1lpX8w==",
      "requires": {
        "core-js-pure": "^3.25.1",
        "regenerator-runtime": "^0.13.11"
      }
    },
    "@braintree/sanitize-url": {
      "version": "7.0.2",
      "resolved": "https://registry.npmjs.org/@braintree/sanitize-url/-/sanitize-url-7.0.2.tgz",
      "integrity": "sha512-NVf/1YycDMs6+FxS0Tb/W8MjJRDQdXF+tBfDtZ5UZeiRUkTmwKc4vmYCKZTyymfJk1gnMsauvZSX/HiV9jOABw=="
    },
    "balanced-match": {
      "version": "1.0.2",
      "resolved": "https://registry.npmjs.org/balanced-match/-/balanced-match-1.0.2.tgz",
      "integrity": "sha512-3oSeUO0TMV67hN1AmbXsK4yaqU7tjiHlbxRDZOpH0KW9+CeX4bRAaX0Anxt0tx2MrpRpWwQaPwIlISEJhYU5Pw=="
    },
    "brace-expansion": {
      "version": "1.1.11",
      "resolved": "https://registry.npmjs.org/brace-expansion/-/brace-expansion-1.1.11.tgz",
      "integrity": "sha512-iCuPHDFgrHX7H2vEI/5xpz07zSHB00TpugqhmYtVmMO6518mCuRMoOYFldEBl0g187ufozdaHgWKcYFb61qGiA==",
      "requires": {
        "balanced-match": "^1.0.0",
        "concat-map": "0.0.1"
      }
    },
    "buffer-from": {
      "version": "1.1.2",
      "resolved": "https://registry.npmjs.org/buffer-from/-/buffer-from-1.1.2.tgz",
      "integrity": "sha512-E+XQCRwSbaaiChtv6k6Dwgc+bx+Bs6vuKJHHl5kox/BaKbhiXzqQOwK4cO22yElGp2OCmjwVhT3HmxgyPGnJfQ=="
    },
    "commander": {
      "version": "2.20.3",
      "resolved": "https://registry.npmjs.org/commander/-/commander-2.20.3.tgz",
      "integrity": "sha512-GpVkmM8vF2vQUkj2LvZmD35JxeJOLCwJ9cUkugyk2nuhbv3+mJvpLYYt+0+USMxE+oj+ey/lJEnhZw75x/OMcQ=="
    },
    "concat-map": {
      "version": "0.0.1",
      "resolved": "https://registry.npmjs.org/concat-map/-/concat-map-0.0.1.tgz",
      "integrity": "sha512-/Srv4dswyQNBfohGpz9o6Yb3Gz3SrUDqBH5rTuhGR7ahtlbYKnVxw2bCFMRljaA7EXHaXZ8wsHdodFvbkhKmqg=="
    },
    "convert-source-map": {
      "version": "1.1.3",
      "resolved": "https://registry.npmjs.org/convert-source-map/-/convert-source-map-1.1.3.tgz",
      "integrity": "sha512-Y8L5rp6jo+g9VEPgvqNfEopjTR4OTYct8lXlS8iVQdmnjDvbdbzYe9rjtFCB9egC86JoNCU61WRY+ScjkZpnIg=="
    },
    "core-js-pure": {
      "version": "3.30.2",
      "resolved": "https://registry.npmjs.org/core-js-pure/-/core-js-pure-3.30.2.tgz",
      "integrity": "sha512-p/npFUJXXBkCCTIlEGBdghofn00jWG6ZOtdoIXSJmAu2QBvN0IqpZXWweOytcwE6cfx8ZvVUy1vw8zxhe4Y2vg=="
    },
    "minimatch": {
      "version": "3.1.2",
      "resolved": "https://registry.npmjs.org/minimatch/-/minimatch-3.1.2.tgz",
      "integrity": "sha512-J7p63hRiAjw1NDEww1W7i37+ByIrOWO5XQQAzZ3VOcL0PNybwpfmV/N05zFAzwQ9USyEcX6t3UO+K5aqBQOIHw==",
      "requires": {
        "brace-expansion": "^1.1.7"
      }
    },
    "regenerator-runtime": {
      "version": "0.13.11",
      "resolved": "https://registry.npmjs.org/regenerator-runtime/-/regenerator-runtime-0.13.11.tgz",
      "integrity": "sha512-kY1AZVr2Ra+t+piVaJ4gxaFaReZVH40AKNo7UCX6W+dEwBo/2oZJzqfuN1qLq1oL45o56cPaTXELwrTh8Fpggg=="
    },
    "rsocket-composite-metadata": {
      "version": "1.0.0-alpha.3",
      "resolved": "https://registry.npmjs.org/rsocket-composite-metadata/-/rsocket-composite-metadata-1.0.0-alpha.3.tgz",
      "integrity": "sha512-o+msmc1pXnejLw4TDgMllynS9/L3TGJM25kqedTxqU6wVF9jnTA95w7T4scGwwX6qiAryT90HQGUaT+An44X3w==",
      "requires": {
        "rsocket-core": "^1.0.0-alpha.3"
      }
    },
    "rsocket-core": {
      "version": "1.0.0-alpha.3",
      "resolved": "https://registry.npmjs.org/rsocket-core/-/rsocket-core-1.0.0-alpha.3.tgz",
      "integrity": "sha512-BzIe2w8dFJlUS5N9fGUNRkxL19kd64bxbXsT11wj7isLfKkPZeNXisB2p/LWvSjFzWStnpOiScZ0g3/8ROE0pw=="
    },
    "rsocket-flowable": {
      "version": "0.0.28",
      "resolved": "https://registry.npmjs.org/rsocket-flowable/-/rsocket-flowable-0.0.28.tgz",
      "integrity": "sha512-igp8dZ3NZHnOcVDMRjcP9HTiPbxSz5AGVNuAXbn4od7xM3IFXaDWSWb2zq8v+tJwM+DiTScRihHkrPcnxY39qw=="
    },
    "rsocket-types": {
      "version": "0.0.28",
      "resolved": "https://registry.npmjs.org/rsocket-types/-/rsocket-types-0.0.28.tgz",
      "integrity": "sha512-zl2hYUG4/gD18Uy+JRPZd06F6wF2kCgvRkNKlDySFWWDH451CCgxh2LveMeTfkvsbUKv4Rv8KJHbiQGFMIa7QA==",
      "requires": {
        "rsocket-flowable": "^0.0.28"
      }
    },
    "rsocket-websocket-client": {
      "version": "1.0.0-alpha.3",
      "resolved": "https://registry.npmjs.org/rsocket-websocket-client/-/rsocket-websocket-client-1.0.0-alpha.3.tgz",
      "integrity": "sha512-CwTwTNMGa8BKvrWde/kM3q8IHuzO8RCIfzuj25BsVe9y8eehDQHt4fXk0g1i/wpsxTm+RY6DxE6Vr5snozKVOg==",
      "requires": {
        "rsocket-core": "^1.0.0-alpha.3"
      }
    },
    "source-map": {
      "version": "0.6.1",
      "resolved": "https://registry.npmjs.org/source-map/-/source-map-0.6.1.tgz",
      "integrity": "sha512-UjgapumWlbMhkBgzT7Ykc5YXUT46F0iKu8SGXq0bcwP5dz/h0Plj6enJqjz1Zbq2l5WaqYnrVbwWOWMyF3F47g=="
    },
    "source-map-support": {
      "version": "0.5.21",
      "resolved": "https://registry.npmjs.org/source-map-support/-/source-map-support-0.5.21.tgz",
      "integrity": "sha512-uBHU3L3czsIyYXKX88fdrGovxdSCoTGDRZ6SYXtSRxLZUzHg5P/66Ht6uoUlHu9EZod+inXhKo3qQgwXUT/y1w==",
      "requires": {
        "buffer-from": "^1.0.0",
        "source-map": "^0.6.0"
      }
    },
    "terser": {
      "version": "3.17.0",
      "resolved": "https://registry.npmjs.org/terser/-/terser-3.17.0.tgz",
      "integrity": "sha512-/FQzzPJmCpjAH9Xvk2paiWrFq+5M6aVOf+2KRbwhByISDX/EujxsK+BAvrhb6H+2rtrLCHK9N01wO014vrIwVQ==",
      "requires": {
        "commander": "^2.19.0",
        "source-map": "~0.6.1",
        "source-map-support": "~0.5.10"
      }
    },
    "through": {
      "version": "2.3.8",
      "resolved": "https://registry.npmjs.org/through/-/through-2.3.8.tgz",
      "integrity": "sha512-w89qg7PI8wAdvX60bMDP+bFoD5Dvhm9oLheFp5O4a2QF0cSBGsBX4qZmadPMvVqlLJBBci+WqGGOAPvcDeNSVg=="
    },
    "uglifyify": {
      "version": "5.0.2",
      "resolved": "https://registry.npmjs.org/uglifyify/-/uglifyify-5.0.2.tgz",
      "integrity": "sha512-NcSk6pgoC+IgwZZ2tVLVHq+VNKSvLPlLkF5oUiHPVOJI0s/OlSVYEGXG9PCAH0hcyFZLyvt4KBdPAQBRlVDn1Q==",
      "requires": {
        "convert-source-map": "~1.1.0",
        "minimatch": "^3.0.2",
        "terser": "^3.7.5",
        "through": "~2.3.4",
        "xtend": "^4.0.1"
      }
    },
    "ws": {
      "version": "8.17.0",
      "resolved": "https://registry.npmjs.org/ws/-/ws-8.17.0.tgz",
      "integrity": "sha512-uJq6108EgZMAl20KagGkzCKfMEjxmKvZHG7Tlq0Z6nOky7YF7aq4mOx6xK8TJ/i1LeK4Qus7INktacctDgY8Ow==",
      "requires": {}
    },
    "xregexp": {
      "version": "5.1.1",
      "resolved": "https://registry.npmjs.org/xregexp/-/xregexp-5.1.1.tgz",
      "integrity": "sha512-fKXeVorD+CzWvFs7VBuKTYIW63YD1e1osxwQ8caZ6o1jg6pDAbABDG54LCIq0j5cy7PjRvGIq6sef9DYPXpncg==",
      "requires": {
        "@babel/runtime-corejs3": "^7.16.5"
      }
    },
    "xtend": {
      "version": "4.0.2",
      "resolved": "https://registry.npmjs.org/xtend/-/xtend-4.0.2.tgz",
      "integrity": "sha512-LKYU1iAXJXUgAXn9URjiu+MWhyUXHsvfp7mcuYm9dSUKK0/CjtrUwFAxD82/mCWbtLsGjFIad0wIsod4zrTAEQ=="
    }
  }
}
